
Microsoft Visual Studio Solution File, Format Version 12.00
# Visual Studio Version 17
VisualStudioVersion = 17.4.33205.214
MinimumVisualStudioVersion = 10.0.40219.1
Project("{FAE04EC0-301F-11D3-BF4B-00C04F79EFBC}") = "QFire.Abstraction", "src\QFire.Abstraction\QFire.Abstraction.csproj", "{1B62F7EE-0E14-49D6-BAA3-D3DFA0993687}"
EndProject
Project("{FAE04EC0-301F-11D3-BF4B-00C04F79EFBC}") = "QFire.Core", "src\QFire.Core\QFire.Core.csproj", "{F3CB955C-465D-413C-AFF3-6E323573CA40}"
EndProject
Project("{FAE04EC0-301F-11D3-BF4B-00C04F79EFBC}") = "QFire.MessageBroker.RabbitMq", "src\QFire.MessageBroker.RabbitMq\QFire.MessageBroker.RabbitMq.csproj", "{72D1A8DA-4EBC-4E29-B3E6-1E308B92935E}"
EndProject
Project("{2150E333-8FDC-42A3-9474-1A3956D46DE8}") = "test", "test", "{E76B2E8B-FB9B-4D51-A181-D27A5F3C3275}"
EndProject
Project("{FAE04EC0-301F-11D3-BF4B-00C04F79EFBC}") = "QFire.Test", "test\QFire.Test\QFire.Test.csproj", "{6B825AEB-98EC-4EC9-84EF-84053E5AF57C}"
EndProject
Global
	GlobalSection(SolutionConfigurationPlatforms) = preSolution
		Debug|Any CPU = Debug|Any CPU
		Release|Any CPU = Release|Any CPU
	EndGlobalSection
	GlobalSection(ProjectConfigurationPlatforms) = postSolution
		{1B62F7EE-0E14-49D6-BAA3-D3DFA0993687}.Debug|Any CPU.ActiveCfg = Debug|Any CPU
		{1B62F7EE-0E14-49D6-BAA3-D3DFA0993687}.Debug|Any CPU.Build.0 = Debug|Any CPU
		{1B62F7EE-0E14-49D6-BAA3-D3DFA0993687}.Release|Any CPU.ActiveCfg = Release|Any CPU
		{1B62F7EE-0E14-49D6-BAA3-D3DFA0993687}.Release|Any CPU.Build.0 = Release|Any CPU
		{F3CB955C-465D-413C-AFF3-6E323573CA40}.Debug|Any CPU.ActiveCfg = Debug|Any CPU
		{F3CB955C-465D-413C-AFF3-6E323573CA40}.Debug|Any CPU.Build.0 = Debug|Any CPU
		{F3CB955C-465D-413C-AFF3-6E323573CA40}.Release|Any CPU.ActiveCfg = Release|Any CPU
		{F3CB955C-465D-413C-AFF3-6E323573CA40}.Release|Any CPU.Build.0 = Release|Any CPU
		{72D1A8DA-4EBC-4E29-B3E6-1E308B92935E}.Debug|Any CPU.ActiveCfg = Debug|Any CPU
		{72D1A8DA-4EBC-4E29-B3E6-1E308B92935E}.Debug|Any CPU.Build.0 = Debug|Any CPU
		{72D1A8DA-4EBC-4E29-B3E6-1E308B92935E}.Release|Any CPU.ActiveCfg = Release|Any CPU
		{72D1A8DA-4EBC-4E29-B3E6-1E308B92935E}.Release|Any CPU.Build.0 = Release|Any CPU
		{6B825AEB-98EC-4EC9-84EF-84053E5AF57C}.Debug|Any CPU.ActiveCfg = Debug|Any CPU
		{6B825AEB-98EC-4EC9-84EF-84053E5AF57C}.Debug|Any CPU.Build.0 = Debug|Any CPU
		{6B825AEB-98EC-4EC9-84EF-84053E5AF57C}.Release|Any CPU.ActiveCfg = Release|Any CPU
		{6B825AEB-98EC-4EC9-84EF-84053E5AF57C}.Release|Any CPU.Build.0 = Release|Any CPU
	EndGlobalSection
	GlobalSection(SolutionProperties) = preSolution
		HideSolutionNode = FALSE
	EndGlobalSection
	GlobalSection(NestedProjects) = preSolution
		{6B825AEB-98EC-4EC9-84EF-84053E5AF57C} = {E76B2E8B-FB9B-4D51-A181-D27A5F3C3275}
	EndGlobalSection
	GlobalSection(ExtensibilityGlobals) = postSolution
		SolutionGuid = {22A2BD23-8099-4572-B2FC-E2E549CE3F97}
	EndGlobalSection
EndGlobal
